// !$*UTF8*$!
{
	archiveVersion = 1;
	classes = {
	};
	objectVersion = 46;
	objects = {

/* Begin PBXBuildFile section */
		87289C7A6BD2FDC2C32F73B8 /* Pods_Sociapp.framework in Frameworks */ = {isa = PBXBuildFile; fileRef = ADD34810D5AB361F369C282E /* Pods_Sociapp.framework */; };
		8E5050D71E857FF600B6258A /* DataService.swift in Sources */ = {isa = PBXBuildFile; fileRef = 8E5050D61E857FF600B6258A /* DataService.swift */; };
		8E5050D91E85B6FD00B6258A /* Post.swift in Sources */ = {isa = PBXBuildFile; fileRef = 8E5050D81E85B6FD00B6258A /* Post.swift */; };
		8E540DFA1E836A8900541E2B /* FeedVC.swift in Sources */ = {isa = PBXBuildFile; fileRef = 8E540DF91E836A8900541E2B /* FeedVC.swift */; };
		8E540DFC1E84A80F00541E2B /* CircleView.swift in Sources */ = {isa = PBXBuildFile; fileRef = 8E540DFB1E84A80F00541E2B /* CircleView.swift */; };
		8E89A72E1E84B9A50030C41B /* PostCell.swift in Sources */ = {isa = PBXBuildFile; fileRef = 8E89A72D1E84B9A50030C41B /* PostCell.swift */; };
		8ED92E771E8185F800760E24 /* AppDelegate.swift in Sources */ = {isa = PBXBuildFile; fileRef = 8ED92E761E8185F800760E24 /* AppDelegate.swift */; };
		8ED92E791E8185F800760E24 /* SignInVC.swift in Sources */ = {isa = PBXBuildFile; fileRef = 8ED92E781E8185F800760E24 /* SignInVC.swift */; };
		8ED92E7C1E8185F800760E24 /* Main.storyboard in Resources */ = {isa = PBXBuildFile; fileRef = 8ED92E7A1E8185F800760E24 /* Main.storyboard */; };
		8ED92E7E1E8185F800760E24 /* Assets.xcassets in Resources */ = {isa = PBXBuildFile; fileRef = 8ED92E7D1E8185F800760E24 /* Assets.xcassets */; };
		8ED92E811E8185F800760E24 /* LaunchScreen.storyboard in Resources */ = {isa = PBXBuildFile; fileRef = 8ED92E7F1E8185F800760E24 /* LaunchScreen.storyboard */; };
		8ED92E891E81868100760E24 /* GoogleService-Info.plist in Resources */ = {isa = PBXBuildFile; fileRef = 8ED92E881E81868100760E24 /* GoogleService-Info.plist */; };
		8ED92E8E1E82CFF100760E24 /* FancyView.swift in Sources */ = {isa = PBXBuildFile; fileRef = 8ED92E8D1E82CFF100760E24 /* FancyView.swift */; };
		8ED92E911E82D09600760E24 /* Constants.swift in Sources */ = {isa = PBXBuildFile; fileRef = 8ED92E901E82D09600760E24 /* Constants.swift */; };
		8ED92E931E82D35900760E24 /* RoundButton.swift in Sources */ = {isa = PBXBuildFile; fileRef = 8ED92E921E82D35900760E24 /* RoundButton.swift */; };
		8ED92E951E82D84E00760E24 /* FancyField.swift in Sources */ = {isa = PBXBuildFile; fileRef = 8ED92E941E82D84E00760E24 /* FancyField.swift */; };
		8ED92E971E82DCBE00760E24 /* FancyButton.swift in Sources */ = {isa = PBXBuildFile; fileRef = 8ED92E961E82DCBE00760E24 /* FancyButton.swift */; };
/* End PBXBuildFile section */

/* Begin PBXFileReference section */
		3DBF7BE54E932834BBD42E8F /* Pods-Sociapp.release.xcconfig */ = {isa = PBXFileReference; includeInIndex = 1; lastKnownFileType = text.xcconfig; name = "Pods-Sociapp.release.xcconfig"; path = "Pods/Target Support Files/Pods-Sociapp/Pods-Sociapp.release.xcconfig"; sourceTree = "<group>"; };
		8E5050D61E857FF600B6258A /* DataService.swift */ = {isa = PBXFileReference; fileEncoding = 4; lastKnownFileType = sourcecode.swift; path = DataService.swift; sourceTree = "<group>"; };
		8E5050D81E85B6FD00B6258A /* Post.swift */ = {isa = PBXFileReference; fileEncoding = 4; lastKnownFileType = sourcecode.swift; path = Post.swift; sourceTree = "<group>"; };
		8E540DF91E836A8900541E2B /* FeedVC.swift */ = {isa = PBXFileReference; fileEncoding = 4; lastKnownFileType = sourcecode.swift; path = FeedVC.swift; sourceTree = "<group>"; };
		8E540DFB1E84A80F00541E2B /* CircleView.swift */ = {isa = PBXFileReference; fileEncoding = 4; lastKnownFileType = sourcecode.swift; path = CircleView.swift; sourceTree = "<group>"; };
		8E89A72D1E84B9A50030C41B /* PostCell.swift */ = {isa = PBXFileReference; fileEncoding = 4; lastKnownFileType = sourcecode.swift; path = PostCell.swift; sourceTree = "<group>"; };
		8ED92E731E8185F800760E24 /* Sociapp.app */ = {isa = PBXFileReference; explicitFileType = wrapper.application; includeInIndex = 0; path = Sociapp.app; sourceTree = BUILT_PRODUCTS_DIR; };
		8ED92E761E8185F800760E24 /* AppDelegate.swift */ = {isa = PBXFileReference; lastKnownFileType = sourcecode.swift; path = AppDelegate.swift; sourceTree = "<group>"; };
		8ED92E781E8185F800760E24 /* SignInVC.swift */ = {isa = PBXFileReference; lastKnownFileType = sourcecode.swift; path = SignInVC.swift; sourceTree = "<group>"; };
		8ED92E7B1E8185F800760E24 /* Base */ = {isa = PBXFileReference; lastKnownFileType = file.storyboard; name = Base; path = Base.lproj/Main.storyboard; sourceTree = "<group>"; };
		8ED92E7D1E8185F800760E24 /* Assets.xcassets */ = {isa = PBXFileReference; lastKnownFileType = folder.assetcatalog; path = Assets.xcassets; sourceTree = "<group>"; };
		8ED92E801E8185F800760E24 /* Base */ = {isa = PBXFileReference; lastKnownFileType = file.storyboard; name = Base; path = Base.lproj/LaunchScreen.storyboard; sourceTree = "<group>"; };
		8ED92E821E8185F800760E24 /* Info.plist */ = {isa = PBXFileReference; lastKnownFileType = text.plist.xml; path = Info.plist; sourceTree = "<group>"; };
		8ED92E881E81868100760E24 /* GoogleService-Info.plist */ = {isa = PBXFileReference; fileEncoding = 4; lastKnownFileType = text.plist.xml; path = "GoogleService-Info.plist"; sourceTree = "<group>"; };
		8ED92E8D1E82CFF100760E24 /* FancyView.swift */ = {isa = PBXFileReference; fileEncoding = 4; lastKnownFileType = sourcecode.swift; path = FancyView.swift; sourceTree = "<group>"; };
		8ED92E901E82D09600760E24 /* Constants.swift */ = {isa = PBXFileReference; fileEncoding = 4; lastKnownFileType = sourcecode.swift; path = Constants.swift; sourceTree = "<group>"; };
		8ED92E921E82D35900760E24 /* RoundButton.swift */ = {isa = PBXFileReference; fileEncoding = 4; lastKnownFileType = sourcecode.swift; path = RoundButton.swift; sourceTree = "<group>"; };
		8ED92E941E82D84E00760E24 /* FancyField.swift */ = {isa = PBXFileReference; fileEncoding = 4; lastKnownFileType = sourcecode.swift; path = FancyField.swift; sourceTree = "<group>"; };
		8ED92E961E82DCBE00760E24 /* FancyButton.swift */ = {isa = PBXFileReference; fileEncoding = 4; lastKnownFileType = sourcecode.swift; path = FancyButton.swift; sourceTree = "<group>"; };
		ADD34810D5AB361F369C282E /* Pods_Sociapp.framework */ = {isa = PBXFileReference; explicitFileType = wrapper.framework; includeInIndex = 0; path = Pods_Sociapp.framework; sourceTree = BUILT_PRODUCTS_DIR; };
		BA7C8B4E33964D40DF622E1D /* Pods-Sociapp.debug.xcconfig */ = {isa = PBXFileReference; includeInIndex = 1; lastKnownFileType = text.xcconfig; name = "Pods-Sociapp.debug.xcconfig"; path = "Pods/Target Support Files/Pods-Sociapp/Pods-Sociapp.debug.xcconfig"; sourceTree = "<group>"; };
/* End PBXFileReference section */

/* Begin PBXFrameworksBuildPhase section */
		8ED92E701E8185F800760E24 /* Frameworks */ = {
			isa = PBXFrameworksBuildPhase;
			buildActionMask = 2147483647;
			files = (
				87289C7A6BD2FDC2C32F73B8 /* Pods_Sociapp.framework in Frameworks */,
			);
			runOnlyForDeploymentPostprocessing = 0;
		};
/* End PBXFrameworksBuildPhase section */

/* Begin PBXGroup section */
		8E5050D51E857FDA00B6258A /* Services */ = {
			isa = PBXGroup;
			children = (
				8E5050D61E857FF600B6258A /* DataService.swift */,
			);
			name = Services;
			sourceTree = "<group>";
		};
		8ED92E6A1E8185F800760E24 = {
			isa = PBXGroup;
			children = (
				8ED92E751E8185F800760E24 /* Sociapp */,
				8ED92E741E8185F800760E24 /* Products */,
				A3E3AC7C76EAA4FA3E6C9414 /* Pods */,
				BB3777ACEDD391B252008476 /* Frameworks */,
			);
			sourceTree = "<group>";
		};
		8ED92E741E8185F800760E24 /* Products */ = {
			isa = PBXGroup;
			children = (
				8ED92E731E8185F800760E24 /* Sociapp.app */,
			);
			name = Products;
			sourceTree = "<group>";
		};
		8ED92E751E8185F800760E24 /* Sociapp */ = {
			isa = PBXGroup;
			children = (
				8E5050D51E857FDA00B6258A /* Services */,
				8ED92E8F1E82D08500760E24 /* Utils */,
				8ED92E8C1E81899F00760E24 /* Controller */,
				8ED92E8B1E81899A00760E24 /* View */,
				8ED92E8A1E81899400760E24 /* Model */,
				8ED92E761E8185F800760E24 /* AppDelegate.swift */,
				8ED92E7A1E8185F800760E24 /* Main.storyboard */,
				8ED92E7D1E8185F800760E24 /* Assets.xcassets */,
				8ED92E7F1E8185F800760E24 /* LaunchScreen.storyboard */,
				8ED92E881E81868100760E24 /* GoogleService-Info.plist */,
				8ED92E821E8185F800760E24 /* Info.plist */,
			);
			path = Sociapp;
			sourceTree = "<group>";
		};
		8ED92E8A1E81899400760E24 /* Model */ = {
			isa = PBXGroup;
			children = (
				8E5050D81E85B6FD00B6258A /* Post.swift */,
			);
			name = Model;
			sourceTree = "<group>";
		};
		8ED92E8B1E81899A00760E24 /* View */ = {
			isa = PBXGroup;
			children = (
				8E540DFB1E84A80F00541E2B /* CircleView.swift */,
				8ED92E8D1E82CFF100760E24 /* FancyView.swift */,
				8ED92E921E82D35900760E24 /* RoundButton.swift */,
				8ED92E941E82D84E00760E24 /* FancyField.swift */,
				8ED92E961E82DCBE00760E24 /* FancyButton.swift */,
				8E89A72D1E84B9A50030C41B /* PostCell.swift */,
			);
			name = View;
			sourceTree = "<group>";
		};
		8ED92E8C1E81899F00760E24 /* Controller */ = {
			isa = PBXGroup;
			children = (
				8ED92E781E8185F800760E24 /* SignInVC.swift */,
				8E540DF91E836A8900541E2B /* FeedVC.swift */,
			);
			name = Controller;
			sourceTree = "<group>";
		};
		8ED92E8F1E82D08500760E24 /* Utils */ = {
			isa = PBXGroup;
			children = (
				8ED92E901E82D09600760E24 /* Constants.swift */,
			);
			name = Utils;
			sourceTree = "<group>";
		};
		A3E3AC7C76EAA4FA3E6C9414 /* Pods */ = {
			isa = PBXGroup;
			children = (
				BA7C8B4E33964D40DF622E1D /* Pods-Sociapp.debug.xcconfig */,
				3DBF7BE54E932834BBD42E8F /* Pods-Sociapp.release.xcconfig */,
			);
			name = Pods;
			sourceTree = "<group>";
		};
		BB3777ACEDD391B252008476 /* Frameworks */ = {
			isa = PBXGroup;
			children = (
				ADD34810D5AB361F369C282E /* Pods_Sociapp.framework */,
			);
			name = Frameworks;
			sourceTree = "<group>";
		};
/* End PBXGroup section */

/* Begin PBXNativeTarget section */
		8ED92E721E8185F800760E24 /* Sociapp */ = {
			isa = PBXNativeTarget;
			buildConfigurationList = 8ED92E851E8185F800760E24 /* Build configuration list for PBXNativeTarget "Sociapp" */;
			buildPhases = (
				8EAEBD2F0E22D428B4AFEFF5 /* [CP] Check Pods Manifest.lock */,
				8ED92E6F1E8185F800760E24 /* Sources */,
				8ED92E701E8185F800760E24 /* Frameworks */,
				8ED92E711E8185F800760E24 /* Resources */,
				9E7C186848A7383FD9379A73 /* [CP] Embed Pods Frameworks */,
				C79B90E953C5931BD50D1B8E /* [CP] Copy Pods Resources */,
			);
			buildRules = (
			);
			dependencies = (
			);
			name = Sociapp;
			productName = Sociapp;
			productReference = 8ED92E731E8185F800760E24 /* Sociapp.app */;
			productType = "com.apple.product-type.application";
		};
/* End PBXNativeTarget section */

/* Begin PBXProject section */
		8ED92E6B1E8185F800760E24 /* Project object */ = {
			isa = PBXProject;
			attributes = {
				LastSwiftUpdateCheck = 0820;
				LastUpgradeCheck = 0820;
				ORGANIZATIONNAME = "Mike Barone";
				TargetAttributes = {
					8ED92E721E8185F800760E24 = {
						CreatedOnToolsVersion = 8.2.1;
						DevelopmentTeam = 2QBZLQ669A;
						ProvisioningStyle = Automatic;
					};
				};
			};
			buildConfigurationList = 8ED92E6E1E8185F800760E24 /* Build configuration list for PBXProject "Sociapp" */;
			compatibilityVersion = "Xcode 3.2";
			developmentRegion = English;
			hasScannedForEncodings = 0;
			knownRegions = (
				en,
				Base,
			);
			mainGroup = 8ED92E6A1E8185F800760E24;
			productRefGroup = 8ED92E741E8185F800760E24 /* Products */;
			projectDirPath = "";
			projectRoot = "";
			targets = (
				8ED92E721E8185F800760E24 /* Sociapp */,
			);
		};
/* End PBXProject section */

/* Begin PBXResourcesBuildPhase section */
		8ED92E711E8185F800760E24 /* Resources */ = {
			isa = PBXResourcesBuildPhase;
			buildActionMask = 2147483647;
			files = (
				8ED92E811E8185F800760E24 /* LaunchScreen.storyboard in Resources */,
				8ED92E891E81868100760E24 /* GoogleService-Info.plist in Resources */,
				8ED92E7E1E8185F800760E24 /* Assets.xcassets in Resources */,
				8ED92E7C1E8185F800760E24 /* Main.storyboard in Resources */,
			);
			runOnlyForDeploymentPostprocessing = 0;
		};
/* End PBXResourcesBuildPhase section */

/* Begin PBXShellScriptBuildPhase section */
		8EAEBD2F0E22D428B4AFEFF5 /* [CP] Check Pods Manifest.lock */ = {
			isa = PBXShellScriptBuildPhase;
			buildActionMask = 2147483647;
			files = (
			);
			inputPaths = (
			);
			name = "[CP] Check Pods Manifest.lock";
			outputPaths = (
			);
			runOnlyForDeploymentPostprocessing = 0;
			shellPath = /bin/sh;
			shellScript = "diff \"${PODS_ROOT}/../Podfile.lock\" \"${PODS_ROOT}/Manifest.lock\" > /dev/null\nif [ $? != 0 ] ; then\n    # print error to STDERR\n    echo \"error: The sandbox is not in sync with the Podfile.lock. Run 'pod install' or update your CocoaPods installation.\" >&2\n    exit 1\nfi\n";
			showEnvVarsInLog = 0;
		};
		9E7C186848A7383FD9379A73 /* [CP] Embed Pods Frameworks */ = {
			isa = PBXShellScriptBuildPhase;
			buildActionMask = 2147483647;
			files = (
			);
			inputPaths = (
			);
			name = "[CP] Embed Pods Frameworks";
			outputPaths = (
			);
			runOnlyForDeploymentPostprocessing = 0;
			shellPath = /bin/sh;
			shellScript = "\"${SRCROOT}/Pods/Target Support Files/Pods-Sociapp/Pods-Sociapp-frameworks.sh\"\n";
			showEnvVarsInLog = 0;
		};
		C79B90E953C5931BD50D1B8E /* [CP] Copy Pods Resources */ = {
			isa = PBXShellScriptBuildPhase;
			buildActionMask = 2147483647;
			files = (
			);
			inputPaths = (
			);
			name = "[CP] Copy Pods Resources";
			outputPaths = (
			);
			runOnlyForDeploymentPostprocessing = 0;
			shellPath = /bin/sh;
			shellScript = "\"${SRCROOT}/Pods/Target Support Files/Pods-Sociapp/Pods-Sociapp-resources.sh\"\n";
			showEnvVarsInLog = 0;
		};
/* End PBXShellScriptBuildPhase section */

/* Begin PBXSourcesBuildPhase section */
		8ED92E6F1E8185F800760E24 /* Sources */ = {
			isa = PBXSourcesBuildPhase;
			buildActionMask = 2147483647;
			files = (
				8E540DFC1E84A80F00541E2B /* CircleView.swift in Sources */,
				8ED92E951E82D84E00760E24 /* FancyField.swift in Sources */,
				8ED92E791E8185F800760E24 /* SignInVC.swift in Sources */,
				8E5050D91E85B6FD00B6258A /* Post.swift in Sources */,
				8ED92E931E82D35900760E24 /* RoundButton.swift in Sources */,
				8ED92E971E82DCBE00760E24 /* FancyButton.swift in Sources */,
				8E5050D71E857FF600B6258A /* DataService.swift in Sources */,
				8E540DFA1E836A8900541E2B /* FeedVC.swift in Sources */,
				8ED92E771E8185F800760E24 /* AppDelegate.swift in Sources */,
				8ED92E8E1E82CFF100760E24 /* FancyView.swift in Sources */,
				8ED92E911E82D09600760E24 /* Constants.swift in Sources */,
				8E89A72E1E84B9A50030C41B /* PostCell.swift in Sources */,
			);
			runOnlyForDeploymentPostprocessing = 0;
		};
/* End PBXSourcesBuildPhase section */

/* Begin PBXVariantGroup section */
		8ED92E7A1E8185F800760E24 /* Main.storyboard */ = {
			isa = PBXVariantGroup;
			children = (
				8ED92E7B1E8185F800760E24 /* Base */,
			);
			name = Main.storyboard;
			sourceTree = "<group>";
		};
		8ED92E7F1E8185F800760E24 /* LaunchScreen.storyboard */ = {
			isa = PBXVariantGroup;
			children = (
				8ED92E801E8185F800760E24 /* Base */,
			);
			name = LaunchScreen.storyboard;
			sourceTree = "<group>";
		};
/* End PBXVariantGroup section */

/* Begin XCBuildConfiguration section */
		8ED92E831E8185F800760E24 /* Debug */ = {
			isa = XCBuildConfiguration;
			buildSettings = {
				ALWAYS_SEARCH_USER_PATHS = NO;
				CLANG_ANALYZER_NONNULL = YES;
				CLANG_CXX_LANGUAGE_STANDARD = "gnu++0x";
				CLANG_CXX_LIBRARY = "libc++";
				CLANG_ENABLE_MODULES = YES;
				CLANG_ENABLE_OBJC_ARC = YES;
				CLANG_WARN_BOOL_CONVERSION = YES;
				CLANG_WARN_CONSTANT_CONVERSION = YES;
				CLANG_WARN_DIRECT_OBJC_ISA_USAGE = YES_ERROR;
				CLANG_WARN_DOCUMENTATION_COMMENTS = YES;
				CLANG_WARN_EMPTY_BODY = YES;
				CLANG_WARN_ENUM_CONVERSION = YES;
				CLANG_WARN_INFINITE_RECURSION = YES;
				CLANG_WARN_INT_CONVERSION = YES;
				CLANG_WARN_OBJC_ROOT_CLASS = YES_ERROR;
				CLANG_WARN_SUSPICIOUS_MOVE = YES;
				CLANG_WARN_UNREACHABLE_CODE = YES;
				CLANG_WARN__DUPLICATE_METHOD_MATCH = YES;
				"CODE_SIGN_IDENTITY[sdk=iphoneos*]" = "iPhone Developer";
				COPY_PHASE_STRIP = NO;
				DEBUG_INFORMATION_FORMAT = dwarf;
				ENABLE_STRICT_OBJC_MSGSEND = YES;
				ENABLE_TESTABILITY = YES;
				GCC_C_LANGUAGE_STANDARD = gnu99;
				GCC_DYNAMIC_NO_PIC = NO;
				GCC_NO_COMMON_BLOCKS = YES;
				GCC_OPTIMIZATION_LEVEL = 0;
				GCC_PREPROCESSOR_DEFINITIONS = (
					"DEBUG=1",
					"$(inherited)",
				);
				GCC_WARN_64_TO_32_BIT_CONVERSION = YES;
				GCC_WARN_ABOUT_RETURN_TYPE = YES_ERROR;
				GCC_WARN_UNDECLARED_SELECTOR = YES;
				GCC_WARN_UNINITIALIZED_AUTOS = YES_AGGRESSIVE;
				GCC_WARN_UNUSED_FUNCTION = YES;
				GCC_WARN_UNUSED_VARIABLE = YES;
				IPHONEOS_DEPLOYMENT_TARGET = 10.2;
				MTL_ENABLE_DEBUG_INFO = YES;
				ONLY_ACTIVE_ARCH = YES;
				SDKROOT = iphoneos;
				SWIFT_ACTIVE_COMPILATION_CONDITIONS = DEBUG;
				SWIFT_OPTIMIZATION_LEVEL = "-Onone";
				TARGETED_DEVICE_FAMILY = "1,2";
			};
			name = Debug;
		};
		8ED92E841E8185F800760E24 /* Release */ = {
			isa = XCBuildConfiguration;
			buildSettings = {
				ALWAYS_SEARCH_USER_PATHS = NO;
				CLANG_ANALYZER_NONNULL = YES;
				CLANG_CXX_LANGUAGE_STANDARD = "gnu++0x";
				CLANG_CXX_LIBRARY = "libc++";
				CLANG_ENABLE_MODULES = YES;
				CLANG_ENABLE_OBJC_ARC = YES;
				CLANG_WARN_BOOL_CONVERSION = YES;
				CLANG_WARN_CONSTANT_CONVERSION = YES;
				CLANG_WARN_DIRECT_OBJC_ISA_USAGE = YES_ERROR;
				CLANG_WARN_DOCUMENTATION_COMMENTS = YES;
				CLANG_WARN_EMPTY_BODY = YES;
				CLANG_WARN_ENUM_CONVERSION = YES;
				CLANG_WARN_INFINITE_RECURSION = YES;
				CLANG_WARN_INT_CONVERSION = YES;
				CLANG_WARN_OBJC_ROOT_CLASS = YES_ERROR;
				CLANG_WARN_SUSPICIOUS_MOVE = YES;
				CLANG_WARN_UNREACHABLE_CODE = YES;
				CLANG_WARN__DUPLICATE_METHOD_MATCH = YES;
				"CODE_SIGN_IDENTITY[sdk=iphoneos*]" = "iPhone Developer";
				COPY_PHASE_STRIP = NO;
				DEBUG_INFORMATION_FORMAT = "dwarf-with-dsym";
				ENABLE_NS_ASSERTIONS = NO;
				ENABLE_STRICT_OBJC_MSGSEND = YES;
				GCC_C_LANGUAGE_STANDARD = gnu99;
				GCC_NO_COMMON_BLOCKS = YES;
				GCC_WARN_64_TO_32_BIT_CONVERSION = YES;
				GCC_WARN_ABOUT_RETURN_TYPE = YES_ERROR;
				GCC_WARN_UNDECLARED_SELECTOR = YES;
				GCC_WARN_UNINITIALIZED_AUTOS = YES_AGGRESSIVE;
				GCC_WARN_UNUSED_FUNCTION = YES;
				GCC_WARN_UNUSED_VARIABLE = YES;
				IPHONEOS_DEPLOYMENT_TARGET = 10.2;
				MTL_ENABLE_DEBUG_INFO = NO;
				SDKROOT = iphoneos;
				SWIFT_OPTIMIZATION_LEVEL = "-Owholemodule";
				TARGETED_DEVICE_FAMILY = "1,2";
				VALIDATE_PRODUCT = YES;
			};
			name = Release;
		};
		8ED92E861E8185F800760E24 /* Debug */ = {
			isa = XCBuildConfiguration;
			baseConfigurationReference = BA7C8B4E33964D40DF622E1D /* Pods-Sociapp.debug.xcconfig */;
			buildSettings = {
				ASSETCATALOG_COMPILER_APPICON_NAME = AppIcon;
				DEVELOPMENT_TEAM = 2QBZLQ669A;
				INFOPLIST_FILE = Sociapp/Info.plist;
				LD_RUNPATH_SEARCH_PATHS = "$(inherited) @executable_path/Frameworks";
				PRODUCT_BUNDLE_IDENTIFIER = com.mikebarone.Sociapp;
				PRODUCT_NAME = "$(TARGET_NAME)";
				SWIFT_VERSION = 3.0;
			};
			name = Debug;
		};
		8ED92E871E8185F800760E24 /* Release */ = {
			isa = XCBuildConfiguration;
			baseConfigurationReference = 3DBF7BE54E932834BBD42E8F /* Pods-Sociapp.release.xcconfig */;
			buildSettings = {
				ASSETCATALOG_COMPILER_APPICON_NAME = AppIcon;
				DEVELOPMENT_TEAM = 2QBZLQ669A;
				INFOPLIST_FILE = Sociapp/Info.plist;
				LD_RUNPATH_SEARCH_PATHS = "$(inherited) @executable_path/Frameworks";
				PRODUCT_BUNDLE_IDENTIFIER = com.mikebarone.Sociapp;
				PRODUCT_NAME = "$(TARGET_NAME)";
				SWIFT_VERSION = 3.0;
			};
			name = Release;
		};
/* End XCBuildConfiguration section */

/* Begin XCConfigurationList section */
		8ED92E6E1E8185F800760E24 /* Build configuration list for PBXProject "Sociapp" */ = {
			isa = XCConfigurationList;
			buildConfigurations = (
				8ED92E831E8185F800760E24 /* Debug */,
				8ED92E841E8185F800760E24 /* Release */,
			);
			defaultConfigurationIsVisible = 0;
			defaultConfigurationName = Release;
		};
		8ED92E851E8185F800760E24 /* Build configuration list for PBXNativeTarget "Sociapp" */ = {
			isa = XCConfigurationList;
			buildConfigurations = (
				8ED92E861E8185F800760E24 /* Debug */,
				8ED92E871E8185F800760E24 /* Release */,
			);
			defaultConfigurationIsVisible = 0;
			defaultConfigurationName = Release;
		};
/* End XCConfigurationList section */
	};
	rootObject = 8ED92E6B1E8185F800760E24 /* Project object */;
}
